
Microsoft Visual Studio Solution File, Format Version 12.00
# Visual Studio Version 16
VisualStudioVersion = 16.0.32002.261
MinimumVisualStudioVersion = 10.0.40219.1
Project("{FAE04EC0-301F-11D3-BF4B-00C04F79EFBC}") = "SyntheticDataGenerator", "SyntheticDataGenerator\SyntheticDataGenerator.csproj", "{7F8D2F21-5750-4655-9F48-3035AB8E293B}"
EndProject
Global
	GlobalSection(SolutionConfigurationPlatforms) = preSolution
		Debug|Any CPU = Debug|Any CPU
		Release|Any CPU = Release|Any CPU
	EndGlobalSection
	GlobalSection(ProjectConfigurationPlatforms) = postSolution
		{7F8D2F21-5750-4655-9F48-3035AB8E293B}.Debug|Any CPU.ActiveCfg = Debug|Any CPU
		{7F8D2F21-5750-4655-9F48-3035AB8E293B}.Debug|Any CPU.Build.0 = Debug|Any CPU
		{7F8D2F21-5750-4655-9F48-3035AB8E293B}.Release|Any CPU.ActiveCfg = Release|Any CPU
		{7F8D2F21-5750-4655-9F48-3035AB8E293B}.Release|Any CPU.Build.0 = Release|Any CPU
	EndGlobalSection
	GlobalSection(SolutionProperties) = preSolution
		HideSolutionNode = FALSE
	EndGlobalSection
	GlobalSection(ExtensibilityGlobals) = postSolution
		SolutionGuid = {F23857C8-7ED3-4E2F-BC1D-25EE421A5E54}
	EndGlobalSection
EndGlobal
