
Microsoft Visual Studio Solution File, Format Version 12.00
# Visual Studio 15
VisualStudioVersion = 15.0.28010.2036
MinimumVisualStudioVersion = 10.0.40219.1
Project("{FAE04EC0-301F-11D3-BF4B-00C04F79EFBC}") = "TIRPClo", "TIRPClo\TIRPClo.csproj", "{7ACA9CEC-E9E6-428B-8CAE-7C6136E43075}"
EndProject
Global
	GlobalSection(SolutionConfigurationPlatforms) = preSolution
		Debug|Any CPU = Debug|Any CPU
		Release|Any CPU = Release|Any CPU
	EndGlobalSection
	GlobalSection(ProjectConfigurationPlatforms) = postSolution
		{7ACA9CEC-E9E6-428B-8CAE-7C6136E43075}.Debug|Any CPU.ActiveCfg = Debug|Any CPU
		{7ACA9CEC-E9E6-428B-8CAE-7C6136E43075}.Debug|Any CPU.Build.0 = Debug|Any CPU
		{7ACA9CEC-E9E6-428B-8CAE-7C6136E43075}.Release|Any CPU.ActiveCfg = Release|Any CPU
		{7ACA9CEC-E9E6-428B-8CAE-7C6136E43075}.Release|Any CPU.Build.0 = Release|Any CPU
	EndGlobalSection
	GlobalSection(SolutionProperties) = preSolution
		HideSolutionNode = FALSE
	EndGlobalSection
	GlobalSection(ExtensibilityGlobals) = postSolution
		SolutionGuid = {0F1214A5-EB11-4399-BF8C-C54FD93E80A6}
	EndGlobalSection
EndGlobal
